
Microsoft Visual Studio Solution File, Format Version 12.00
# Visual Studio 15
VisualStudioVersion = 15.0.27130.2027
MinimumVisualStudioVersion = 10.0.40219.1
Project("{FAE04EC0-301F-11D3-BF4B-00C04F79EFBC}") = "Dijkstra", "Dijkstra\Dijkstra.csproj", "{7A876D1C-4AB7-435C-9FFD-219F95D65825}"
EndProject
Global
	GlobalSection(SolutionConfigurationPlatforms) = preSolution
		Debug|Any CPU = Debug|Any CPU
		Release|Any CPU = Release|Any CPU
	EndGlobalSection
	GlobalSection(ProjectConfigurationPlatforms) = postSolution
		{7A876D1C-4AB7-435C-9FFD-219F95D65825}.Debug|Any CPU.ActiveCfg = Debug|Any CPU
		{7A876D1C-4AB7-435C-9FFD-219F95D65825}.Debug|Any CPU.Build.0 = Debug|Any CPU
		{7A876D1C-4AB7-435C-9FFD-219F95D65825}.Release|Any CPU.ActiveCfg = Release|Any CPU
		{7A876D1C-4AB7-435C-9FFD-219F95D65825}.Release|Any CPU.Build.0 = Release|Any CPU
	EndGlobalSection
	GlobalSection(SolutionProperties) = preSolution
		HideSolutionNode = FALSE
	EndGlobalSection
	GlobalSection(ExtensibilityGlobals) = postSolution
		SolutionGuid = {D326128B-5253-43D4-9EB9-9ACEBA4A3030}
	EndGlobalSection
EndGlobal
